
Microsoft Visual Studio Solution File, Format Version 12.00
# Visual Studio Version 16
VisualStudioVersion = 16.0.31019.35
MinimumVisualStudioVersion = 10.0.40219.1
Project("{FAE04EC0-301F-11D3-BF4B-00C04F79EFBC}") = "Standards-Final", "Standards-Final.csproj", "{CEBBF10C-F23E-458A-A0D4-44344F9980C6}"
EndProject
Project("{FAE04EC0-301F-11D3-BF4B-00C04F79EFBC}") = "Server", "Server\Server.csproj", "{56B6E55B-1DBF-4897-AC17-4A3A9CB3C66C}"
EndProject
Project("{FAE04EC0-301F-11D3-BF4B-00C04F79EFBC}") = "Client", "Client\Client.csproj", "{B88E1CC3-2E24-4AE8-B2E5-320FB39D990E}"
EndProject
Global
	GlobalSection(SolutionConfigurationPlatforms) = preSolution
		Debug|Any CPU = Debug|Any CPU
		Release|Any CPU = Release|Any CPU
	EndGlobalSection
	GlobalSection(ProjectConfigurationPlatforms) = postSolution
		{CEBBF10C-F23E-458A-A0D4-44344F9980C6}.Debug|Any CPU.ActiveCfg = Debug|Any CPU
		{CEBBF10C-F23E-458A-A0D4-44344F9980C6}.Debug|Any CPU.Build.0 = Debug|Any CPU
		{CEBBF10C-F23E-458A-A0D4-44344F9980C6}.Release|Any CPU.ActiveCfg = Release|Any CPU
		{CEBBF10C-F23E-458A-A0D4-44344F9980C6}.Release|Any CPU.Build.0 = Release|Any CPU
		{56B6E55B-1DBF-4897-AC17-4A3A9CB3C66C}.Debug|Any CPU.ActiveCfg = Debug|Any CPU
		{56B6E55B-1DBF-4897-AC17-4A3A9CB3C66C}.Debug|Any CPU.Build.0 = Debug|Any CPU
		{56B6E55B-1DBF-4897-AC17-4A3A9CB3C66C}.Release|Any CPU.ActiveCfg = Release|Any CPU
		{56B6E55B-1DBF-4897-AC17-4A3A9CB3C66C}.Release|Any CPU.Build.0 = Release|Any CPU
		{B88E1CC3-2E24-4AE8-B2E5-320FB39D990E}.Debug|Any CPU.ActiveCfg = Debug|Any CPU
		{B88E1CC3-2E24-4AE8-B2E5-320FB39D990E}.Debug|Any CPU.Build.0 = Debug|Any CPU
		{B88E1CC3-2E24-4AE8-B2E5-320FB39D990E}.Release|Any CPU.ActiveCfg = Release|Any CPU
		{B88E1CC3-2E24-4AE8-B2E5-320FB39D990E}.Release|Any CPU.Build.0 = Release|Any CPU
	EndGlobalSection
	GlobalSection(SolutionProperties) = preSolution
		HideSolutionNode = FALSE
	EndGlobalSection
	GlobalSection(ExtensibilityGlobals) = postSolution
		SolutionGuid = {9F5220A8-58C7-411C-BE7D-8C477F6B93F1}
	EndGlobalSection
EndGlobal
