
Microsoft Visual Studio Solution File, Format Version 12.00
# Visual Studio Version 16
VisualStudioVersion = 16.0.31019.35
MinimumVisualStudioVersion = 10.0.40219.1
Project("{FAE04EC0-301F-11D3-BF4B-00C04F79EFBC}") = "Debugging Tool", "Debugging Tool.csproj", "{3AAB92A4-6D64-469E-BDB6-902473E87773}"
EndProject
Global
	GlobalSection(SolutionConfigurationPlatforms) = preSolution
		Debug|Any CPU = Debug|Any CPU
		Release|Any CPU = Release|Any CPU
	EndGlobalSection
	GlobalSection(ProjectConfigurationPlatforms) = postSolution
		{3AAB92A4-6D64-469E-BDB6-902473E87773}.Debug|Any CPU.ActiveCfg = Debug|Any CPU
		{3AAB92A4-6D64-469E-BDB6-902473E87773}.Debug|Any CPU.Build.0 = Debug|Any CPU
		{3AAB92A4-6D64-469E-BDB6-902473E87773}.Release|Any CPU.ActiveCfg = Release|Any CPU
		{3AAB92A4-6D64-469E-BDB6-902473E87773}.Release|Any CPU.Build.0 = Release|Any CPU
	EndGlobalSection
	GlobalSection(SolutionProperties) = preSolution
		HideSolutionNode = FALSE
	EndGlobalSection
	GlobalSection(ExtensibilityGlobals) = postSolution
		SolutionGuid = {60757CB8-C198-4AD9-A133-ED39316FB05D}
	EndGlobalSection
EndGlobal
